
Microsoft Visual Studio Solution File, Format Version 12.00
# Visual Studio Version 17
VisualStudioVersion = 17.2.32602.215
MinimumVisualStudioVersion = 10.0.40219.1
Project("{FAE04EC0-301F-11D3-BF4B-00C04F79EFBC}") = "Calctt", "Calctt\Calctt.csproj", "{23FC4D5E-9785-49D6-8DB2-5767A0117279}"
EndProject
Global
	GlobalSection(SolutionConfigurationPlatforms) = preSolution
		Debug|Any CPU = Debug|Any CPU
		Release|Any CPU = Release|Any CPU
	EndGlobalSection
	GlobalSection(ProjectConfigurationPlatforms) = postSolution
		{23FC4D5E-9785-49D6-8DB2-5767A0117279}.Debug|Any CPU.ActiveCfg = Debug|Any CPU
		{23FC4D5E-9785-49D6-8DB2-5767A0117279}.Debug|Any CPU.Build.0 = Debug|Any CPU
		{23FC4D5E-9785-49D6-8DB2-5767A0117279}.Release|Any CPU.ActiveCfg = Release|Any CPU
		{23FC4D5E-9785-49D6-8DB2-5767A0117279}.Release|Any CPU.Build.0 = Release|Any CPU
	EndGlobalSection
	GlobalSection(SolutionProperties) = preSolution
		HideSolutionNode = FALSE
	EndGlobalSection
	GlobalSection(ExtensibilityGlobals) = postSolution
		SolutionGuid = {00E06967-3DDC-4695-8F36-7AD2AE92D89E}
	EndGlobalSection
EndGlobal
